// !$*UTF8*$!
{
	archiveVersion = 1;
	classes = {
	};
	objectVersion = 56;
	objects = {

/* Begin PBXBuildFile section */
		F41A58462C2436D30082C943 /* ViewController.swift in Sources */ = {isa = PBXBuildFile; fileRef = F41A58452C2436D30082C943 /* ViewController.swift */; };
		F4EAC0BD2C1C054A0074468C /* AppDelegate.swift in Sources */ = {isa = PBXBuildFile; fileRef = F4EAC0BC2C1C054A0074468C /* AppDelegate.swift */; };
		F4EAC0BF2C1C054A0074468C /* SceneDelegate.swift in Sources */ = {isa = PBXBuildFile; fileRef = F4EAC0BE2C1C054A0074468C /* SceneDelegate.swift */; };
		F4EAC0C42C1C054A0074468C /* Base in Resources */ = {isa = PBXBuildFile; fileRef = F4EAC0C32C1C054A0074468C /* Base */; };
		F4EAC0C62C1C054D0074468C /* Assets.xcassets in Resources */ = {isa = PBXBuildFile; fileRef = F4EAC0C52C1C054D0074468C /* Assets.xcassets */; };
		F4EAC0C92C1C054D0074468C /* Base in Resources */ = {isa = PBXBuildFile; fileRef = F4EAC0C82C1C054D0074468C /* Base */; };
		F4EAC0D42C1C054E0074468C /* konverterTests.swift in Sources */ = {isa = PBXBuildFile; fileRef = F4EAC0D32C1C054E0074468C /* konverterTests.swift */; };
		F4EAC0DE2C1C054E0074468C /* konverterUITests.swift in Sources */ = {isa = PBXBuildFile; fileRef = F4EAC0DD2C1C054E0074468C /* konverterUITests.swift */; };
		F4EAC0E02C1C054E0074468C /* konverterUITestsLaunchTests.swift in Sources */ = {isa = PBXBuildFile; fileRef = F4EAC0DF2C1C054E0074468C /* konverterUITestsLaunchTests.swift */; };
/* End PBXBuildFile section */

/* Begin PBXContainerItemProxy section */
		F4EAC0D02C1C054E0074468C /* PBXContainerItemProxy */ = {
			isa = PBXContainerItemProxy;
			containerPortal = F4EAC0B12C1C054A0074468C /* Project object */;
			proxyType = 1;
			remoteGlobalIDString = F4EAC0B82C1C054A0074468C;
			remoteInfo = konverter;
		};
		F4EAC0DA2C1C054E0074468C /* PBXContainerItemProxy */ = {
			isa = PBXContainerItemProxy;
			containerPortal = F4EAC0B12C1C054A0074468C /* Project object */;
			proxyType = 1;
			remoteGlobalIDString = F4EAC0B82C1C054A0074468C;
			remoteInfo = konverter;
		};
/* End PBXContainerItemProxy section */

/* Begin PBXFileReference section */
		F41A58452C2436D30082C943 /* ViewController.swift */ = {isa = PBXFileReference; lastKnownFileType = sourcecode.swift; path = ViewController.swift; sourceTree = "<group>"; };
		F4EAC0B92C1C054A0074468C /* konverter.app */ = {isa = PBXFileReference; explicitFileType = wrapper.application; includeInIndex = 0; path = konverter.app; sourceTree = BUILT_PRODUCTS_DIR; };
		F4EAC0BC2C1C054A0074468C /* AppDelegate.swift */ = {isa = PBXFileReference; lastKnownFileType = sourcecode.swift; path = AppDelegate.swift; sourceTree = "<group>"; };
		F4EAC0BE2C1C054A0074468C /* SceneDelegate.swift */ = {isa = PBXFileReference; lastKnownFileType = sourcecode.swift; path = SceneDelegate.swift; sourceTree = "<group>"; };
		F4EAC0C32C1C054A0074468C /* Base */ = {isa = PBXFileReference; lastKnownFileType = file.storyboard; name = Base; path = Base.lproj/Main.storyboard; sourceTree = "<group>"; };
		F4EAC0C52C1C054D0074468C /* Assets.xcassets */ = {isa = PBXFileReference; lastKnownFileType = folder.assetcatalog; path = Assets.xcassets; sourceTree = "<group>"; };
		F4EAC0C82C1C054D0074468C /* Base */ = {isa = PBXFileReference; lastKnownFileType = file.storyboard; name = Base; path = Base.lproj/LaunchScreen.storyboard; sourceTree = "<group>"; };
		F4EAC0CA2C1C054D0074468C /* Info.plist */ = {isa = PBXFileReference; lastKnownFileType = text.plist.xml; path = Info.plist; sourceTree = "<group>"; };
		F4EAC0CF2C1C054E0074468C /* konverterTests.xctest */ = {isa = PBXFileReference; explicitFileType = wrapper.cfbundle; includeInIndex = 0; path = konverterTests.xctest; sourceTree = BUILT_PRODUCTS_DIR; };
		F4EAC0D32C1C054E0074468C /* konverterTests.swift */ = {isa = PBXFileReference; lastKnownFileType = sourcecode.swift; path = konverterTests.swift; sourceTree = "<group>"; };
		F4EAC0D92C1C054E0074468C /* konverterUITests.xctest */ = {isa = PBXFileReference; explicitFileType = wrapper.cfbundle; includeInIndex = 0; path = konverterUITests.xctest; sourceTree = BUILT_PRODUCTS_DIR; };
		F4EAC0DD2C1C054E0074468C /* konverterUITests.swift */ = {isa = PBXFileReference; lastKnownFileType = sourcecode.swift; path = konverterUITests.swift; sourceTree = "<group>"; };
		F4EAC0DF2C1C054E0074468C /* konverterUITestsLaunchTests.swift */ = {isa = PBXFileReference; lastKnownFileType = sourcecode.swift; path = konverterUITestsLaunchTests.swift; sourceTree = "<group>"; };
/* End PBXFileReference section */

/* Begin PBXFrameworksBuildPhase section */
		F4EAC0B62C1C054A0074468C /* Frameworks */ = {
			isa = PBXFrameworksBuildPhase;
			buildActionMask = 2147483647;
			files = (
			);
			runOnlyForDeploymentPostprocessing = 0;
		};
		F4EAC0CC2C1C054E0074468C /* Frameworks */ = {
			isa = PBXFrameworksBuildPhase;
			buildActionMask = 2147483647;
			files = (
			);
			runOnlyForDeploymentPostprocessing = 0;
		};
		F4EAC0D62C1C054E0074468C /* Frameworks */ = {
			isa = PBXFrameworksBuildPhase;
			buildActionMask = 2147483647;
			files = (
			);
			runOnlyForDeploymentPostprocessing = 0;
		};
/* End PBXFrameworksBuildPhase section */

/* Begin PBXGroup section */
		F4EAC0B02C1C054A0074468C = {
			isa = PBXGroup;
			children = (
				F4EAC0BB2C1C054A0074468C /* konverter */,
				F4EAC0D22C1C054E0074468C /* konverterTests */,
				F4EAC0DC2C1C054E0074468C /* konverterUITests */,
				F4EAC0BA2C1C054A0074468C /* Products */,
			);
			sourceTree = "<group>";
		};
		F4EAC0BA2C1C054A0074468C /* Products */ = {
			isa = PBXGroup;
			children = (
				F4EAC0B92C1C054A0074468C /* konverter.app */,
				F4EAC0CF2C1C054E0074468C /* konverterTests.xctest */,
				F4EAC0D92C1C054E0074468C /* konverterUITests.xctest */,
			);
			name = Products;
			sourceTree = "<group>";
		};
		F4EAC0BB2C1C054A0074468C /* konverter */ = {
			isa = PBXGroup;
			children = (
				F4EAC0BC2C1C054A0074468C /* AppDelegate.swift */,
				F4EAC0BE2C1C054A0074468C /* SceneDelegate.swift */,
				F4EAC0C22C1C054A0074468C /* Main.storyboard */,
				F4EAC0C52C1C054D0074468C /* Assets.xcassets */,
				F41A58452C2436D30082C943 /* ViewController.swift */,
				F4EAC0C72C1C054D0074468C /* LaunchScreen.storyboard */,
				F4EAC0CA2C1C054D0074468C /* Info.plist */,
			);
			path = konverter;
			sourceTree = "<group>";
		};
		F4EAC0D22C1C054E0074468C /* konverterTests */ = {
			isa = PBXGroup;
			children = (
				F4EAC0D32C1C054E0074468C /* konverterTests.swift */,
			);
			path = konverterTests;
			sourceTree = "<group>";
		};
		F4EAC0DC2C1C054E0074468C /* konverterUITests */ = {
			isa = PBXGroup;
			children = (
				F4EAC0DD2C1C054E0074468C /* konverterUITests.swift */,
				F4EAC0DF2C1C054E0074468C /* konverterUITestsLaunchTests.swift */,
			);
			path = konverterUITests;
			sourceTree = "<group>";
		};
/* End PBXGroup section */

/* Begin PBXNativeTarget section */
		F4EAC0B82C1C054A0074468C /* konverter */ = {
			isa = PBXNativeTarget;
			buildConfigurationList = F4EAC0E32C1C054E0074468C /* Build configuration list for PBXNativeTarget "konverter" */;
			buildPhases = (
				F4EAC0B52C1C054A0074468C /* Sources */,
				F4EAC0B62C1C054A0074468C /* Frameworks */,
				F4EAC0B72C1C054A0074468C /* Resources */,
			);
			buildRules = (
			);
			dependencies = (
			);
			name = konverter;
			productName = konverter;
			productReference = F4EAC0B92C1C054A0074468C /* konverter.app */;
			productType = "com.apple.product-type.application";
		};
		F4EAC0CE2C1C054E0074468C /* konverterTests */ = {
			isa = PBXNativeTarget;
			buildConfigurationList = F4EAC0E62C1C054E0074468C /* Build configuration list for PBXNativeTarget "konverterTests" */;
			buildPhases = (
				F4EAC0CB2C1C054E0074468C /* Sources */,
				F4EAC0CC2C1C054E0074468C /* Frameworks */,
				F4EAC0CD2C1C054E0074468C /* Resources */,
			);
			buildRules = (
			);
			dependencies = (
				F4EAC0D12C1C054E0074468C /* PBXTargetDependency */,
			);
			name = konverterTests;
			productName = konverterTests;
			productReference = F4EAC0CF2C1C054E0074468C /* konverterTests.xctest */;
			productType = "com.apple.product-type.bundle.unit-test";
		};
		F4EAC0D82C1C054E0074468C /* konverterUITests */ = {
			isa = PBXNativeTarget;
			buildConfigurationList = F4EAC0E92C1C054E0074468C /* Build configuration list for PBXNativeTarget "konverterUITests" */;
			buildPhases = (
				F4EAC0D52C1C054E0074468C /* Sources */,
				F4EAC0D62C1C054E0074468C /* Frameworks */,
				F4EAC0D72C1C054E0074468C /* Resources */,
			);
			buildRules = (
			);
			dependencies = (
				F4EAC0DB2C1C054E0074468C /* PBXTargetDependency */,
			);
			name = konverterUITests;
			productName = konverterUITests;
			productReference = F4EAC0D92C1C054E0074468C /* konverterUITests.xctest */;
			productType = "com.apple.product-type.bundle.ui-testing";
		};
/* End PBXNativeTarget section */

/* Begin PBXProject section */
		F4EAC0B12C1C054A0074468C /* Project object */ = {
			isa = PBXProject;
			attributes = {
				BuildIndependentTargetsInParallel = 1;
				LastSwiftUpdateCheck = 1540;
				LastUpgradeCheck = 1540;
				TargetAttributes = {
					F4EAC0B82C1C054A0074468C = {
						CreatedOnToolsVersion = 15.4;
					};
					F4EAC0CE2C1C054E0074468C = {
						CreatedOnToolsVersion = 15.4;
						TestTargetID = F4EAC0B82C1C054A0074468C;
					};
					F4EAC0D82C1C054E0074468C = {
						CreatedOnToolsVersion = 15.4;
						TestTargetID = F4EAC0B82C1C054A0074468C;
					};
				};
			};
			buildConfigurationList = F4EAC0B42C1C054A0074468C /* Build configuration list for PBXProject "konverter" */;
			compatibilityVersion = "Xcode 14.0";
			developmentRegion = en;
			hasScannedForEncodings = 0;
			knownRegions = (
				en,
				Base,
			);
			mainGroup = F4EAC0B02C1C054A0074468C;
			productRefGroup = F4EAC0BA2C1C054A0074468C /* Products */;
			projectDirPath = "";
			projectRoot = "";
			targets = (
				F4EAC0B82C1C054A0074468C /* konverter */,
				F4EAC0CE2C1C054E0074468C /* konverterTests */,
				F4EAC0D82C1C054E0074468C /* konverterUITests */,
			);
		};
/* End PBXProject section */

/* Begin PBXResourcesBuildPhase section */
		F4EAC0B72C1C054A0074468C /* Resources */ = {
			isa = PBXResourcesBuildPhase;
			buildActionMask = 2147483647;
			files = (
				F4EAC0C62C1C054D0074468C /* Assets.xcassets in Resources */,
				F4EAC0C92C1C054D0074468C /* Base in Resources */,
				F4EAC0C42C1C054A0074468C /* Base in Resources */,
			);
			runOnlyForDeploymentPostprocessing = 0;
		};
		F4EAC0CD2C1C054E0074468C /* Resources */ = {
			isa = PBXResourcesBuildPhase;
			buildActionMask = 2147483647;
			files = (
			);
			runOnlyForDeploymentPostprocessing = 0;
		};
		F4EAC0D72C1C054E0074468C /* Resources */ = {
			isa = PBXResourcesBuildPhase;
			buildActionMask = 2147483647;
			files = (
			);
			runOnlyForDeploymentPostprocessing = 0;
		};
/* End PBXResourcesBuildPhase section */

/* Begin PBXSourcesBuildPhase section */
		F4EAC0B52C1C054A0074468C /* Sources */ = {
			isa = PBXSourcesBuildPhase;
			buildActionMask = 2147483647;
			files = (
				F41A58462C2436D30082C943 /* ViewController.swift in Sources */,
				F4EAC0BD2C1C054A0074468C /* AppDelegate.swift in Sources */,
				F4EAC0BF2C1C054A0074468C /* SceneDelegate.swift in Sources */,
			);
			runOnlyForDeploymentPostprocessing = 0;
		};
		F4EAC0CB2C1C054E0074468C /* Sources */ = {
			isa = PBXSourcesBuildPhase;
			buildActionMask = 2147483647;
			files = (
				F4EAC0D42C1C054E0074468C /* konverterTests.swift in Sources */,
			);
			runOnlyForDeploymentPostprocessing = 0;
		};
		F4EAC0D52C1C054E0074468C /* Sources */ = {
			isa = PBXSourcesBuildPhase;
			buildActionMask = 2147483647;
			files = (
				F4EAC0DE2C1C054E0074468C /* konverterUITests.swift in Sources */,
				F4EAC0E02C1C054E0074468C /* konverterUITestsLaunchTests.swift in Sources */,
			);
			runOnlyForDeploymentPostprocessing = 0;
		};
/* End PBXSourcesBuildPhase section */

/* Begin PBXTargetDependency section */
		F4EAC0D12C1C054E0074468C /* PBXTargetDependency */ = {
			isa = PBXTargetDependency;
			target = F4EAC0B82C1C054A0074468C /* konverter */;
			targetProxy = F4EAC0D02C1C054E0074468C /* PBXContainerItemProxy */;
		};
		F4EAC0DB2C1C054E0074468C /* PBXTargetDependency */ = {
			isa = PBXTargetDependency;
			target = F4EAC0B82C1C054A0074468C /* konverter */;
			targetProxy = F4EAC0DA2C1C054E0074468C /* PBXContainerItemProxy */;
		};
/* End PBXTargetDependency section */

/* Begin PBXVariantGroup section */
		F4EAC0C22C1C054A0074468C /* Main.storyboard */ = {
			isa = PBXVariantGroup;
			children = (
				F4EAC0C32C1C054A0074468C /* Base */,
			);
			name = Main.storyboard;
			sourceTree = "<group>";
		};
		F4EAC0C72C1C054D0074468C /* LaunchScreen.storyboard */ = {
			isa = PBXVariantGroup;
			children = (
				F4EAC0C82C1C054D0074468C /* Base */,
			);
			name = LaunchScreen.storyboard;
			sourceTree = "<group>";
		};
/* End PBXVariantGroup section */

/* Begin XCBuildConfiguration section */
		F4EAC0E12C1C054E0074468C /* Debug */ = {
			isa = XCBuildConfiguration;
			buildSettings = {
				ALWAYS_SEARCH_USER_PATHS = NO;
				ASSETCATALOG_COMPILER_GENERATE_SWIFT_ASSET_SYMBOL_EXTENSIONS = YES;
				CLANG_ANALYZER_NONNULL = YES;
				CLANG_ANALYZER_NUMBER_OBJECT_CONVERSION = YES_AGGRESSIVE;
				CLANG_CXX_LANGUAGE_STANDARD = "gnu++20";
				CLANG_ENABLE_MODULES = YES;
				CLANG_ENABLE_OBJC_ARC = YES;
				CLANG_ENABLE_OBJC_WEAK = YES;
				CLANG_WARN_BLOCK_CAPTURE_AUTORELEASING = YES;
				CLANG_WARN_BOOL_CONVERSION = YES;
				CLANG_WARN_COMMA = YES;
				CLANG_WARN_CONSTANT_CONVERSION = YES;
				CLANG_WARN_DEPRECATED_OBJC_IMPLEMENTATIONS = YES;
				CLANG_WARN_DIRECT_OBJC_ISA_USAGE = YES_ERROR;
				CLANG_WARN_DOCUMENTATION_COMMENTS = YES;
				CLANG_WARN_EMPTY_BODY = YES;
				CLANG_WARN_ENUM_CONVERSION = YES;
				CLANG_WARN_INFINITE_RECURSION = YES;
				CLANG_WARN_INT_CONVERSION = YES;
				CLANG_WARN_NON_LITERAL_NULL_CONVERSION = YES;
				CLANG_WARN_OBJC_IMPLICIT_RETAIN_SELF = YES;
				CLANG_WARN_OBJC_LITERAL_CONVERSION = YES;
				CLANG_WARN_OBJC_ROOT_CLASS = YES_ERROR;
				CLANG_WARN_QUOTED_INCLUDE_IN_FRAMEWORK_HEADER = YES;
				CLANG_WARN_RANGE_LOOP_ANALYSIS = YES;
				CLANG_WARN_STRICT_PROTOTYPES = YES;
				CLANG_WARN_SUSPICIOUS_MOVE = YES;
				CLANG_WARN_UNGUARDED_AVAILABILITY = YES_AGGRESSIVE;
				CLANG_WARN_UNREACHABLE_CODE = YES;
				CLANG_WARN__DUPLICATE_METHOD_MATCH = YES;
				COPY_PHASE_STRIP = NO;
				DEBUG_INFORMATION_FORMAT = dwarf;
				ENABLE_STRICT_OBJC_MSGSEND = YES;
				ENABLE_TESTABILITY = YES;
				ENABLE_USER_SCRIPT_SANDBOXING = YES;
				GCC_C_LANGUAGE_STANDARD = gnu17;
				GCC_DYNAMIC_NO_PIC = NO;
				GCC_NO_COMMON_BLOCKS = YES;
				GCC_OPTIMIZATION_LEVEL = 0;
				GCC_PREPROCESSOR_DEFINITIONS = (
					"DEBUG=1",
					"$(inherited)",
				);
				GCC_WARN_64_TO_32_BIT_CONVERSION = YES;
				GCC_WARN_ABOUT_RETURN_TYPE = YES_ERROR;
				GCC_WARN_UNDECLARED_SELECTOR = YES;
				GCC_WARN_UNINITIALIZED_AUTOS = YES_AGGRESSIVE;
				GCC_WARN_UNUSED_FUNCTION = YES;
				GCC_WARN_UNUSED_VARIABLE = YES;
				IPHONEOS_DEPLOYMENT_TARGET = 17.5;
				LOCALIZATION_PREFERS_STRING_CATALOGS = YES;
				MTL_ENABLE_DEBUG_INFO = INCLUDE_SOURCE;
				MTL_FAST_MATH = YES;
				ONLY_ACTIVE_ARCH = YES;
				SDKROOT = iphoneos;
				SWIFT_ACTIVE_COMPILATION_CONDITIONS = "DEBUG $(inherited)";
				SWIFT_OPTIMIZATION_LEVEL = "-Onone";
			};
			name = Debug;
		};
		F4EAC0E22C1C054E0074468C /* Release */ = {
			isa = XCBuildConfiguration;
			buildSettings = {
				ALWAYS_SEARCH_USER_PATHS = NO;
				ASSETCATALOG_COMPILER_GENERATE_SWIFT_ASSET_SYMBOL_EXTENSIONS = YES;
				CLANG_ANALYZER_NONNULL = YES;
				CLANG_ANALYZER_NUMBER_OBJECT_CONVERSION = YES_AGGRESSIVE;
				CLANG_CXX_LANGUAGE_STANDARD = "gnu++20";
				CLANG_ENABLE_MODULES = YES;
				CLANG_ENABLE_OBJC_ARC = YES;
				CLANG_ENABLE_OBJC_WEAK = YES;
				CLANG_WARN_BLOCK_CAPTURE_AUTORELEASING = YES;
				CLANG_WARN_BOOL_CONVERSION = YES;
				CLANG_WARN_COMMA = YES;
				CLANG_WARN_CONSTANT_CONVERSION = YES;
				CLANG_WARN_DEPRECATED_OBJC_IMPLEMENTATIONS = YES;
				CLANG_WARN_DIRECT_OBJC_ISA_USAGE = YES_ERROR;
				CLANG_WARN_DOCUMENTATION_COMMENTS = YES;
				CLANG_WARN_EMPTY_BODY = YES;
				CLANG_WARN_ENUM_CONVERSION = YES;
				CLANG_WARN_INFINITE_RECURSION = YES;
				CLANG_WARN_INT_CONVERSION = YES;
				CLANG_WARN_NON_LITERAL_NULL_CONVERSION = YES;
				CLANG_WARN_OBJC_IMPLICIT_RETAIN_SELF = YES;
				CLANG_WARN_OBJC_LITERAL_CONVERSION = YES;
				CLANG_WARN_OBJC_ROOT_CLASS = YES_ERROR;
				CLANG_WARN_QUOTED_INCLUDE_IN_FRAMEWORK_HEADER = YES;
				CLANG_WARN_RANGE_LOOP_ANALYSIS = YES;
				CLANG_WARN_STRICT_PROTOTYPES = YES;
				CLANG_WARN_SUSPICIOUS_MOVE = YES;
				CLANG_WARN_UNGUARDED_AVAILABILITY = YES_AGGRESSIVE;
				CLANG_WARN_UNREACHABLE_CODE = YES;
				CLANG_WARN__DUPLICATE_METHOD_MATCH = YES;
				COPY_PHASE_STRIP = NO;
				DEBUG_INFORMATION_FORMAT = "dwarf-with-dsym";
				ENABLE_NS_ASSERTIONS = NO;
				ENABLE_STRICT_OBJC_MSGSEND = YES;
				ENABLE_USER_SCRIPT_SANDBOXING = YES;
				GCC_C_LANGUAGE_STANDARD = gnu17;
				GCC_NO_COMMON_BLOCKS = YES;
				GCC_WARN_64_TO_32_BIT_CONVERSION = YES;
				GCC_WARN_ABOUT_RETURN_TYPE = YES_ERROR;
				GCC_WARN_UNDECLARED_SELECTOR = YES;
				GCC_WARN_UNINITIALIZED_AUTOS = YES_AGGRESSIVE;
				GCC_WARN_UNUSED_FUNCTION = YES;
				GCC_WARN_UNUSED_VARIABLE = YES;
				IPHONEOS_DEPLOYMENT_TARGET = 17.5;
				LOCALIZATION_PREFERS_STRING_CATALOGS = YES;
				MTL_ENABLE_DEBUG_INFO = NO;
				MTL_FAST_MATH = YES;
				SDKROOT = iphoneos;
				SWIFT_COMPILATION_MODE = wholemodule;
				VALIDATE_PRODUCT = YES;
			};
			name = Release;
		};
		F4EAC0E42C1C054E0074468C /* Debug */ = {
			isa = XCBuildConfiguration;
			buildSettings = {
				ASSETCATALOG_COMPILER_APPICON_NAME = AppIcon;
				ASSETCATALOG_COMPILER_GLOBAL_ACCENT_COLOR_NAME = AccentColor;
				CODE_SIGN_STYLE = Automatic;
				CURRENT_PROJECT_VERSION = 1;
				GENERATE_INFOPLIST_FILE = YES;
				INFOPLIST_FILE = konverter/Info.plist;
				INFOPLIST_KEY_UIApplicationSupportsIndirectInputEvents = YES;
				INFOPLIST_KEY_UILaunchStoryboardName = LaunchScreen;
				INFOPLIST_KEY_UIMainStoryboardFile = Main;
				INFOPLIST_KEY_UISupportedInterfaceOrientations_iPad = "UIInterfaceOrientationPortrait UIInterfaceOrientationPortraitUpsideDown UIInterfaceOrientationLandscapeLeft UIInterfaceOrientationLandscapeRight";
				INFOPLIST_KEY_UISupportedInterfaceOrientations_iPhone = "UIInterfaceOrientationPortrait UIInterfaceOrientationLandscapeLeft UIInterfaceOrientationLandscapeRight";
				LD_RUNPATH_SEARCH_PATHS = (
					"$(inherited)",
					"@executable_path/Frameworks",
				);
				MARKETING_VERSION = 1.0;
				PRODUCT_BUNDLE_IDENTIFIER = com.edanchenko.konverter.konverter;
				PRODUCT_NAME = "$(TARGET_NAME)";
				SWIFT_EMIT_LOC_STRINGS = YES;
				SWIFT_VERSION = 5.0;
				TARGETED_DEVICE_FAMILY = "1,2";
			};
			name = Debug;
		};
		F4EAC0E52C1C054E0074468C /* Release */ = {
			isa = XCBuildConfiguration;
			buildSettings = {
				ASSETCATALOG_COMPILER_APPICON_NAME = AppIcon;
				ASSETCATALOG_COMPILER_GLOBAL_ACCENT_COLOR_NAME = AccentColor;
				CODE_SIGN_STYLE = Automatic;
				CURRENT_PROJECT_VERSION = 1;
				GENERATE_INFOPLIST_FILE = YES;
				INFOPLIST_FILE = konverter/Info.plist;
				INFOPLIST_KEY_UIApplicationSupportsIndirectInputEvents = YES;
				INFOPLIST_KEY_UILaunchStoryboardName = LaunchScreen;
				INFOPLIST_KEY_UIMainStoryboardFile = Main;
				INFOPLIST_KEY_UISupportedInterfaceOrientations_iPad = "UIInterfaceOrientationPortrait UIInterfaceOrientationPortraitUpsideDown UIInterfaceOrientationLandscapeLeft UIInterfaceOrientationLandscapeRight";
				INFOPLIST_KEY_UISupportedInterfaceOrientations_iPhone = "UIInterfaceOrientationPortrait UIInterfaceOrientationLandscapeLeft UIInterfaceOrientationLandscapeRight";
				LD_RUNPATH_SEARCH_PATHS = (
					"$(inherited)",
					"@executable_path/Frameworks",
				);
				MARKETING_VERSION = 1.0;
				PRODUCT_BUNDLE_IDENTIFIER = com.edanchenko.konverter.konverter;
				PRODUCT_NAME = "$(TARGET_NAME)";
				SWIFT_EMIT_LOC_STRINGS = YES;
				SWIFT_VERSION = 5.0;
				TARGETED_DEVICE_FAMILY = "1,2";
			};
			name = Release;
		};
		F4EAC0E72C1C054E0074468C /* Debug */ = {
			isa = XCBuildConfiguration;
			buildSettings = {
				ALWAYS_EMBED_SWIFT_STANDARD_LIBRARIES = YES;
				BUNDLE_LOADER = "$(TEST_HOST)";
				CODE_SIGN_STYLE = Automatic;
				CURRENT_PROJECT_VERSION = 1;
				GENERATE_INFOPLIST_FILE = YES;
				IPHONEOS_DEPLOYMENT_TARGET = 17.5;
				MARKETING_VERSION = 1.0;
				PRODUCT_BUNDLE_IDENTIFIER = com.edanchenko.konverter.konverterTests;
				PRODUCT_NAME = "$(TARGET_NAME)";
				SWIFT_EMIT_LOC_STRINGS = NO;
				SWIFT_VERSION = 5.0;
				TARGETED_DEVICE_FAMILY = "1,2";
				TEST_HOST = "$(BUILT_PRODUCTS_DIR)/konverter.app/$(BUNDLE_EXECUTABLE_FOLDER_PATH)/konverter";
			};
			name = Debug;
		};
		F4EAC0E82C1C054E0074468C /* Release */ = {
			isa = XCBuildConfiguration;
			buildSettings = {
				ALWAYS_EMBED_SWIFT_STANDARD_LIBRARIES = YES;
				BUNDLE_LOADER = "$(TEST_HOST)";
				CODE_SIGN_STYLE = Automatic;
				CURRENT_PROJECT_VERSION = 1;
				GENERATE_INFOPLIST_FILE = YES;
				IPHONEOS_DEPLOYMENT_TARGET = 17.5;
				MARKETING_VERSION = 1.0;
				PRODUCT_BUNDLE_IDENTIFIER = com.edanchenko.konverter.konverterTests;
				PRODUCT_NAME = "$(TARGET_NAME)";
				SWIFT_EMIT_LOC_STRINGS = NO;
				SWIFT_VERSION = 5.0;
				TARGETED_DEVICE_FAMILY = "1,2";
				TEST_HOST = "$(BUILT_PRODUCTS_DIR)/konverter.app/$(BUNDLE_EXECUTABLE_FOLDER_PATH)/konverter";
			};
			name = Release;
		};
		F4EAC0EA2C1C054E0074468C /* Debug */ = {
			isa = XCBuildConfiguration;
			buildSettings = {
				ALWAYS_EMBED_SWIFT_STANDARD_LIBRARIES = YES;
				CODE_SIGN_STYLE = Automatic;
				CURRENT_PROJECT_VERSION = 1;
				GENERATE_INFOPLIST_FILE = YES;
				MARKETING_VERSION = 1.0;
				PRODUCT_BUNDLE_IDENTIFIER = com.edanchenko.konverter.konverterUITests;
				PRODUCT_NAME = "$(TARGET_NAME)";
				SWIFT_EMIT_LOC_STRINGS = NO;
				SWIFT_VERSION = 5.0;
				TARGETED_DEVICE_FAMILY = "1,2";
				TEST_TARGET_NAME = konverter;
			};
			name = Debug;
		};
		F4EAC0EB2C1C054E0074468C /* Release */ = {
			isa = XCBuildConfiguration;
			buildSettings = {
				ALWAYS_EMBED_SWIFT_STANDARD_LIBRARIES = YES;
				CODE_SIGN_STYLE = Automatic;
				CURRENT_PROJECT_VERSION = 1;
				GENERATE_INFOPLIST_FILE = YES;
				MARKETING_VERSION = 1.0;
				PRODUCT_BUNDLE_IDENTIFIER = com.edanchenko.konverter.konverterUITests;
				PRODUCT_NAME = "$(TARGET_NAME)";
				SWIFT_EMIT_LOC_STRINGS = NO;
				SWIFT_VERSION = 5.0;
				TARGETED_DEVICE_FAMILY = "1,2";
				TEST_TARGET_NAME = konverter;
			};
			name = Release;
		};
/* End XCBuildConfiguration section */

/* Begin XCConfigurationList section */
		F4EAC0B42C1C054A0074468C /* Build configuration list for PBXProject "konverter" */ = {
			isa = XCConfigurationList;
			buildConfigurations = (
				F4EAC0E12C1C054E0074468C /* Debug */,
				F4EAC0E22C1C054E0074468C /* Release */,
			);
			defaultConfigurationIsVisible = 0;
			defaultConfigurationName = Release;
		};
		F4EAC0E32C1C054E0074468C /* Build configuration list for PBXNativeTarget "konverter" */ = {
			isa = XCConfigurationList;
			buildConfigurations = (
				F4EAC0E42C1C054E0074468C /* Debug */,
				F4EAC0E52C1C054E0074468C /* Release */,
			);
			defaultConfigurationIsVisible = 0;
			defaultConfigurationName = Release;
		};
		F4EAC0E62C1C054E0074468C /* Build configuration list for PBXNativeTarget "konverterTests" */ = {
			isa = XCConfigurationList;
			buildConfigurations = (
				F4EAC0E72C1C054E0074468C /* Debug */,
				F4EAC0E82C1C054E0074468C /* Release */,
			);
			defaultConfigurationIsVisible = 0;
			defaultConfigurationName = Release;
		};
		F4EAC0E92C1C054E0074468C /* Build configuration list for PBXNativeTarget "konverterUITests" */ = {
			isa = XCConfigurationList;
			buildConfigurations = (
				F4EAC0EA2C1C054E0074468C /* Debug */,
				F4EAC0EB2C1C054E0074468C /* Release */,
			);
			defaultConfigurationIsVisible = 0;
			defaultConfigurationName = Release;
		};
/* End XCConfigurationList section */
	};
	rootObject = F4EAC0B12C1C054A0074468C /* Project object */;
}
